
Microsoft Visual Studio Solution File, Format Version 12.00
# Visual Studio Version 17
VisualStudioVersion = 17.12.35707.178 d17.12
MinimumVisualStudioVersion = 10.0.40219.1
Project("{FAE04EC0-301F-11D3-BF4B-00C04F79EFBC}") = "Creational", "Creational\Creational.csproj", "{6C1FE322-38EF-488D-ABDD-F635FB8265EC}"
EndProject
Project("{FAE04EC0-301F-11D3-BF4B-00C04F79EFBC}") = "Structural", "Structural\Structural.csproj", "{153311DA-DA9B-44FB-8DF8-B7F53F86D3E1}"
EndProject
Project("{FAE04EC0-301F-11D3-BF4B-00C04F79EFBC}") = "Behavioral", "Behavioral\Behavioral.csproj", "{BB01EF69-E42A-42F5-BCC2-BE0C00BB7D6C}"
EndProject
Global
	GlobalSection(SolutionConfigurationPlatforms) = preSolution
		Debug|Any CPU = Debug|Any CPU
		Release|Any CPU = Release|Any CPU
	EndGlobalSection
	GlobalSection(ProjectConfigurationPlatforms) = postSolution
		{6C1FE322-38EF-488D-ABDD-F635FB8265EC}.Debug|Any CPU.ActiveCfg = Debug|Any CPU
		{6C1FE322-38EF-488D-ABDD-F635FB8265EC}.Debug|Any CPU.Build.0 = Debug|Any CPU
		{6C1FE322-38EF-488D-ABDD-F635FB8265EC}.Release|Any CPU.ActiveCfg = Release|Any CPU
		{6C1FE322-38EF-488D-ABDD-F635FB8265EC}.Release|Any CPU.Build.0 = Release|Any CPU
		{153311DA-DA9B-44FB-8DF8-B7F53F86D3E1}.Debug|Any CPU.ActiveCfg = Debug|Any CPU
		{153311DA-DA9B-44FB-8DF8-B7F53F86D3E1}.Debug|Any CPU.Build.0 = Debug|Any CPU
		{153311DA-DA9B-44FB-8DF8-B7F53F86D3E1}.Release|Any CPU.ActiveCfg = Release|Any CPU
		{153311DA-DA9B-44FB-8DF8-B7F53F86D3E1}.Release|Any CPU.Build.0 = Release|Any CPU
		{BB01EF69-E42A-42F5-BCC2-BE0C00BB7D6C}.Debug|Any CPU.ActiveCfg = Debug|Any CPU
		{BB01EF69-E42A-42F5-BCC2-BE0C00BB7D6C}.Debug|Any CPU.Build.0 = Debug|Any CPU
		{BB01EF69-E42A-42F5-BCC2-BE0C00BB7D6C}.Release|Any CPU.ActiveCfg = Release|Any CPU
		{BB01EF69-E42A-42F5-BCC2-BE0C00BB7D6C}.Release|Any CPU.Build.0 = Release|Any CPU
	EndGlobalSection
	GlobalSection(SolutionProperties) = preSolution
		HideSolutionNode = FALSE
	EndGlobalSection
EndGlobal
